
Microsoft Visual Studio Solution File, Format Version 12.00
# Visual Studio Version 16
VisualStudioVersion = 16.0.30225.117
MinimumVisualStudioVersion = 10.0.40219.1
Project("{FAE04EC0-301F-11D3-BF4B-00C04F79EFBC}") = "Numerology", "Numerology\Numerology.csproj", "{DAFF10BD-6AEE-47F4-9095-C2C48E9549C0}"
EndProject
Global
	GlobalSection(SolutionConfigurationPlatforms) = preSolution
		Debug|Any CPU = Debug|Any CPU
		Release|Any CPU = Release|Any CPU
	EndGlobalSection
	GlobalSection(ProjectConfigurationPlatforms) = postSolution
		{DAFF10BD-6AEE-47F4-9095-C2C48E9549C0}.Debug|Any CPU.ActiveCfg = Debug|Any CPU
		{DAFF10BD-6AEE-47F4-9095-C2C48E9549C0}.Debug|Any CPU.Build.0 = Debug|Any CPU
		{DAFF10BD-6AEE-47F4-9095-C2C48E9549C0}.Release|Any CPU.ActiveCfg = Release|Any CPU
		{DAFF10BD-6AEE-47F4-9095-C2C48E9549C0}.Release|Any CPU.Build.0 = Release|Any CPU
	EndGlobalSection
	GlobalSection(SolutionProperties) = preSolution
		HideSolutionNode = FALSE
	EndGlobalSection
	GlobalSection(ExtensibilityGlobals) = postSolution
		SolutionGuid = {387FF42A-52AF-4A3F-9CDF-9FC5B6129725}
	EndGlobalSection
EndGlobal
